schema: '2.0'
stages:
  prepare_data:
    cmd: "python yolov8_training/train_pipeline.py --stage prepare --dataset-name
      waste-detection --val-split 0.1 --test-split 0.1 --augment-multiplier 1 --recreate-dataset\n"
    deps:
    - path: raw_data/
      hash: md5
      md5: 7e0e4c6b0283d578eabeca2f28d77cc4.dir
      size: 3141547930
      nfiles: 13595
    - path: yolov8_training/train_pipeline.py
      hash: md5
      md5: 19d63a2f7eb383b7dc384e65c489fb2e
      size: 12314
    - path: yolov8_training/utils/augmentation.py
      hash: md5
      md5: 826b20908fb2b4eff6d467df5e22b5b9
      size: 4364
    - path: yolov8_training/utils/data_utils.py
      hash: md5
      md5: 7b3e05cddbfc6b595f0cbc2d03c25818
      size: 28534
    - path: yolov8_training/utils/find_duplicates.py
      hash: md5
      md5: c493dae523e0270f12c2627ba42f1f5b
      size: 8510
    params:
      params.yaml:
        data:
          dataset_name: waste-detection
          experiment_name: waste-detection
          custom_classes:
          - waste
          - cigarette
          use_coco_classes: false
        prepare:
          val_split: 0.1
          test_split: 0.1
          augment_multiplier: 1
    outs:
    - path: datasets/waste-detection
      hash: md5
      md5: 5b183f9e613be657091861c431c9349b.dir
      size: 3137861882
      nfiles: 13340
  train_and_evaluate:
    cmd: "python yolov8_training/train_pipeline.py --stage train --dataset-name waste-detection
      --model-size m --image-size 1280 --epochs 50 --batch-size 8 --val-split 0.1\n"
    deps:
    - path: datasets/waste-detection
      hash: md5
      md5: 675e57ad2ec20bf9ecccefcd01e59612.dir
      size: 3140168963
      nfiles: 13343
    - path: yolov8_training/train_pipeline.py
      hash: md5
      md5: 19d63a2f7eb383b7dc384e65c489fb2e
      size: 12314
    - path: yolov8_training/utils/data_utils.py
      hash: md5
      md5: 7b3e05cddbfc6b595f0cbc2d03c25818
      size: 28534
    - path: yolov8_training/utils/evaluate.py
      hash: md5
      md5: 53af6681039135a23a47ccde94dccb6d
      size: 25569
    - path: yolov8_training/utils/find_duplicates.py
      hash: md5
      md5: c493dae523e0270f12c2627ba42f1f5b
      size: 8510
    params:
      params.yaml:
        data:
          dataset_name: waste-detection
          experiment_name: waste-detection
          custom_classes:
          - waste
          - cigarette
          use_coco_classes: false
        prepare.val_split: 0.1
        train:
          model_size: m
          image_size: 1280
          epochs: 50
          batch_size: 8
    outs:
    - path: metrics.json
      hash: md5
      md5: 5d741e2fa9b50e7bf44e0b5fcf2f83c4
      size: 331
    - path: results_comparison/
      hash: md5
      md5: 7f7cd7253c674c2277188f5c99792cd0.dir
      size: 1508
      nfiles: 2
    - path: runs
      hash: md5
      md5: 6452c3cf3b3d54b9683c81aee659d541.dir
      size: 167888407
      nfiles: 52
