schema: '2.0'
stages:
  prepare_data:
    cmd: "python yolov8_training/train_pipeline.py --stage prepare --dataset-name
      waste-detection --val-split 0.1 --test-split 0.1 --augment-multiplier 1 --recreate-dataset\n"
    deps:
    - path: raw_data/
      hash: md5
      md5: 62e835a82d01d09f46c6f668dc1a9f84.dir
      size: 4425335149
      nfiles: 15759
    - path: yolov8_training/train_pipeline.py
      hash: md5
      md5: 2d59ea684e85e58eaae5f7395733a071
      size: 21168
    - path: yolov8_training/utils/augmentation.py
      hash: md5
      md5: 826b20908fb2b4eff6d467df5e22b5b9
      size: 4364
    - path: yolov8_training/utils/data_utils.py
      hash: md5
      md5: c3a9635e74e8baa59cef623d8cf25f9f
      size: 33142
    - path: yolov8_training/utils/find_duplicates.py
      hash: md5
      md5: f62195cfe2b869f50bc9ef17cd3a7773
      size: 8320
    params:
      params.yaml:
        data:
          dataset_name: waste-detection
          experiment_name: waste-detection
          custom_classes:
          - waste
          - cigarette
          use_coco_classes: false
        prepare:
          val_split: 0.1
          test_split: 0.1
          augment_multiplier: 1
          folder_subsets:
            uavvaste: 0.5
            taco: 0.2
            cw32-08-07-train: 2.0
            cw33-auto-mined: 2.0
            cw36-auto-mined: 2.0
    outs:
    - path: datasets/waste-detection
      hash: md5
      md5: f9dd54bdda3a463f722da0cdcedd5b89.dir
      size: 2994034638
      nfiles: 5732
  train_and_evaluate:
    cmd: "python yolov8_training/train_pipeline.py --stage train --dataset-name waste-detection
      --model-size m --image-size 1280 --epochs 50 --batch-size 8 --val-split 0.1\n"
    deps:
    - path: datasets/waste-detection
      hash: md5
      md5: ac2e961a89cad46094f49e267f6fa90b.dir
      size: 2994918100
      nfiles: 5735
    - path: models/current_best/best.pt
      hash: md5
      md5: c2ced17998066eb9765c5ba587d7d4c7
      size: 52186507
    - path: models/current_best/best.pt
      hash: md5
      md5: c2ced17998066eb9765c5ba587d7d4c7
      size: 52186507
    - path: yolov8_training/train_pipeline.py
      hash: md5
      md5: 2d59ea684e85e58eaae5f7395733a071
      size: 21168
    - path: yolov8_training/utils/data_utils.py
      hash: md5
      md5: c3a9635e74e8baa59cef623d8cf25f9f
      size: 33142
    - path: yolov8_training/utils/evaluate.py
      hash: md5
      md5: 46be88fba6d64b3c33f1faa46632505b
      size: 26976
    - path: yolov8_training/utils/find_duplicates.py
      hash: md5
      md5: f62195cfe2b869f50bc9ef17cd3a7773
      size: 8320
    params:
      params.yaml:
        data:
          dataset_name: waste-detection
          experiment_name: waste-detection
          custom_classes:
          - waste
          - cigarette
          use_coco_classes: false
        evaluation.baseline_weights_path: models/current_best/best.pt
        prepare.val_split: 0.1
        train:
          model_size: m
          image_size: 1280
          epochs: 50
          batch_size: 8
          finetune_mode: false
          pretrained_model_path: models/current_best/best.pt
          finetune_lr: 0.0001
          finetune_epochs: 60
          freeze_backbone: false
    outs:
    - path: metrics.json
      hash: md5
      md5: 74ef5ec037231c29e6cfec2ec3319991
      size: 390
    - path: results_comparison/
      hash: md5
      md5: 93bb18690d5ad434ac1ac9e434dba8a3.dir
      size: 1967
      nfiles: 2
    - path: runs
      hash: md5
      md5: 601950f6fb51aa8d4203d55d1d458f29.dir
      size: 399735189
      nfiles: 118
