schema: '2.0'
stages:
  prepare_data:
    cmd: "python yolov8_training/train_pipeline.py --stage prepare --dataset-name
      waste-detection --val-split 0.1 --test-split 0.1 --augment-multiplier 1 --recreate-dataset\n"
    deps:
    - path: raw_data/
      hash: md5
      md5: 4bba90713f5b94ddeee530e4c3ce6138.dir
      size: 4991782754
      nfiles: 16712
    - path: yolov8_training/train_pipeline.py
      hash: md5
      md5: d89bb2f1502658172d4ab883cddaf77c
      size: 28511
    - path: yolov8_training/utils/augmentation.py
      hash: md5
      md5: 826b20908fb2b4eff6d467df5e22b5b9
      size: 4364
    - path: yolov8_training/utils/data_utils.py
      hash: md5
      md5: b50eee35ce35a284f5c4932973babae3
      size: 37677
    - path: yolov8_training/utils/find_duplicates.py
      hash: md5
      md5: f62195cfe2b869f50bc9ef17cd3a7773
      size: 8320
    params:
      params.yaml:
        data:
          dataset_name: waste-detection
          experiment_name: waste-detection
          custom_classes:
          - waste
          - cigarette
          use_coco_classes: false
        prepare:
          val_split: 0.1
          test_split: 0.1
          augment_multiplier: 1
          auto_replay:
            enabled: false
            max_new: 200
            max_total: 400
            iou_thr: 0.5
            conf_thr: 0.25
            border_conf: 0.35
            include_empty: true
            seed: 42
            dest: raw_data/train/replay
          folder_subsets:
            uavvaste: 0.1
            taco: 0.02
            cw32-08-07-train: 0.3
            cw33: 0.3
            cw36-auto-mined: 2.0
            replay: 1.0
    outs:
    - path: datasets/waste-detection
      hash: md5
      md5: edbf44517d102546368f844c32f291b7.dir
      size: 1826522369
      nfiles: 2860
  train_and_evaluate:
    cmd: "python yolov8_training/train_pipeline.py --stage train --dataset-name waste-detection
      --model-size m --image-size 1280 --epochs 50 --batch-size 8 --val-split 0.1\n"
    deps:
    - path: datasets/waste-detection
      hash: md5
      md5: f5c338992b8a431fe52a0c2d0ccc1ee4.dir
      size: 1826962291
      nfiles: 2863
    - path: models/current_best/best.pt
      hash: md5
      md5: c2ced17998066eb9765c5ba587d7d4c7
      size: 52186507
    - path: models/current_best/best.pt
      hash: md5
      md5: c2ced17998066eb9765c5ba587d7d4c7
      size: 52186507
    - path: yolov8_training/train_pipeline.py
      hash: md5
      md5: d89bb2f1502658172d4ab883cddaf77c
      size: 28511
    - path: yolov8_training/utils/data_utils.py
      hash: md5
      md5: b50eee35ce35a284f5c4932973babae3
      size: 37677
    - path: yolov8_training/utils/evaluate.py
      hash: md5
      md5: 46be88fba6d64b3c33f1faa46632505b
      size: 26976
    - path: yolov8_training/utils/find_duplicates.py
      hash: md5
      md5: f62195cfe2b869f50bc9ef17cd3a7773
      size: 8320
    params:
      params.yaml:
        data:
          dataset_name: waste-detection
          experiment_name: waste-detection
          custom_classes:
          - waste
          - cigarette
          use_coco_classes: false
        evaluation.baseline_weights_path: models/current_best/best.pt
        prepare.val_split: 0.1
        train:
          model_size: m
          image_size: 1280
          epochs: 50
          batch_size: 8
          finetune_mode: true
          pretrained_model_path: models/current_best/best.pt
          finetune_lr: 0.0008
          finetune_epochs: 40
          freeze_backbone: false
          optimizer: AdamW
          mosaic: 0.15
          close_mosaic: 5
          mixup: 0.0
          cos_lr: true
          lrf: 0.05
          patience: 20
    outs:
    - path: metrics.json
      hash: md5
      md5: 7834885370ba55a48a08190e5d92bc5d
      size: 453
    - path: results_comparison/
      hash: md5
      md5: daf24a463550e7e7ea9ff48bfcaa8b07.dir
      size: 2169
      nfiles: 2
    - path: runs
      hash: md5
      md5: 1aee4695123866ff07177a6071517508.dir
      size: 594777925
      nfiles: 190
